
Microsoft Visual Studio Solution File, Format Version 12.00
# Visual Studio Version 16
VisualStudioVersion = 16.0.31424.327
MinimumVisualStudioVersion = 10.0.40219.1
Project("{8BC9CEB8-8B4A-11D0-8D11-00A0C91BC942}") = "RenderSharedWin32GDI", "RenderSharedWin32GDI.vcxproj", "{480D1D0A-65D3-426B-9D6E-45A26944E76E}"
EndProject
Global
	GlobalSection(SolutionConfigurationPlatforms) = preSolution
		Debug|ARM = Debug|ARM
		Debug|Win32 = Debug|Win32
		Debug|x64 = Debug|x64
		Debug|x86 = Debug|x86
		Release|ARM = Release|ARM
		Release|Win32 = Release|Win32
		Release|x64 = Release|x64
		Release|x86 = Release|x86
		Template|ARM = Template|ARM
		Template|Win32 = Template|Win32
		Template|x64 = Template|x64
		Template|x86 = Template|x86
	EndGlobalSection
	GlobalSection(ProjectConfigurationPlatforms) = postSolution
		{480D1D0A-65D3-426B-9D6E-45A26944E76E}.Debug|ARM.ActiveCfg = Debug|Win32
		{480D1D0A-65D3-426B-9D6E-45A26944E76E}.Debug|Win32.ActiveCfg = Debug|Win32
		{480D1D0A-65D3-426B-9D6E-45A26944E76E}.Debug|Win32.Build.0 = Debug|Win32
		{480D1D0A-65D3-426B-9D6E-45A26944E76E}.Debug|x64.ActiveCfg = Debug|x64
		{480D1D0A-65D3-426B-9D6E-45A26944E76E}.Debug|x64.Build.0 = Debug|x64
		{480D1D0A-65D3-426B-9D6E-45A26944E76E}.Debug|x86.ActiveCfg = Debug|Win32
		{480D1D0A-65D3-426B-9D6E-45A26944E76E}.Debug|x86.Build.0 = Debug|Win32
		{480D1D0A-65D3-426B-9D6E-45A26944E76E}.Release|ARM.ActiveCfg = Release|Win32
		{480D1D0A-65D3-426B-9D6E-45A26944E76E}.Release|Win32.ActiveCfg = Release|Win32
		{480D1D0A-65D3-426B-9D6E-45A26944E76E}.Release|Win32.Build.0 = Release|Win32
		{480D1D0A-65D3-426B-9D6E-45A26944E76E}.Release|x64.ActiveCfg = Release|x64
		{480D1D0A-65D3-426B-9D6E-45A26944E76E}.Release|x64.Build.0 = Release|x64
		{480D1D0A-65D3-426B-9D6E-45A26944E76E}.Release|x86.ActiveCfg = Release|Win32
		{480D1D0A-65D3-426B-9D6E-45A26944E76E}.Release|x86.Build.0 = Release|Win32
		{480D1D0A-65D3-426B-9D6E-45A26944E76E}.Template|ARM.ActiveCfg = Debug|Win32
		{480D1D0A-65D3-426B-9D6E-45A26944E76E}.Template|ARM.Build.0 = Debug|Win32
		{480D1D0A-65D3-426B-9D6E-45A26944E76E}.Template|Win32.ActiveCfg = Debug|Win32
		{480D1D0A-65D3-426B-9D6E-45A26944E76E}.Template|Win32.Build.0 = Debug|Win32
		{480D1D0A-65D3-426B-9D6E-45A26944E76E}.Template|x64.ActiveCfg = Debug|x64
		{480D1D0A-65D3-426B-9D6E-45A26944E76E}.Template|x64.Build.0 = Debug|x64
		{480D1D0A-65D3-426B-9D6E-45A26944E76E}.Template|x86.ActiveCfg = Debug|Win32
		{480D1D0A-65D3-426B-9D6E-45A26944E76E}.Template|x86.Build.0 = Debug|Win32
	EndGlobalSection
	GlobalSection(SolutionProperties) = preSolution
		HideSolutionNode = FALSE
	EndGlobalSection
	GlobalSection(ExtensibilityGlobals) = postSolution
		SolutionGuid = {3F3AE12A-4764-4F0C-ACCE-915917E2ACFB}
	EndGlobalSection
EndGlobal
