Microsoft Visual Studio Solution File, Format Version 12.00
# Visual Studio Version 16
VisualStudioVersion = 16.0.31424.327
MinimumVisualStudioVersion = 10.0.40219.1
Project("{8BC9CEB8-8B4A-11D0-8D11-00A0C91BC942}") = "waveInFFT", "waveInFFT.vcxproj", "{2F5E28C4-A0E0-4D79-9F5D-76867235189A}"
EndProject
Global
	GlobalSection(SolutionConfigurationPlatforms) = preSolution
		Debug|Win32 = Debug|Win32
		Debug|x64 = Debug|x64
		Debug|x86 = Debug|x86
		Release|Win32 = Release|Win32
		Release|x64 = Release|x64
		Release|x86 = Release|x86
		Template|Win32 = Template|Win32
		Template|x64 = Template|x64
		Template|x86 = Template|x86
		Unicode Debug|Win32 = Unicode Debug|Win32
		Unicode Debug|x64 = Unicode Debug|x64
		Unicode Debug|x86 = Unicode Debug|x86
		Unicode Release|Win32 = Unicode Release|Win32
		Unicode Release|x64 = Unicode Release|x64
		Unicode Release|x86 = Unicode Release|x86
	EndGlobalSection
	GlobalSection(ProjectConfigurationPlatforms) = postSolution
		{2F5E28C4-A0E0-4D79-9F5D-76867235189A}.Debug|Win32.ActiveCfg = Release|Win32
		{2F5E28C4-A0E0-4D79-9F5D-76867235189A}.Debug|Win32.Build.0 = Release|Win32
		{2F5E28C4-A0E0-4D79-9F5D-76867235189A}.Debug|x64.ActiveCfg = Debug|Win32
		{2F5E28C4-A0E0-4D79-9F5D-76867235189A}.Debug|x86.ActiveCfg = Debug|Win32
		{2F5E28C4-A0E0-4D79-9F5D-76867235189A}.Debug|x86.Build.0 = Debug|Win32
		{2F5E28C4-A0E0-4D79-9F5D-76867235189A}.Release|Win32.ActiveCfg = Release|Win32
		{2F5E28C4-A0E0-4D79-9F5D-76867235189A}.Release|Win32.Build.0 = Release|Win32
		{2F5E28C4-A0E0-4D79-9F5D-76867235189A}.Release|x64.ActiveCfg = Release|Win32
		{2F5E28C4-A0E0-4D79-9F5D-76867235189A}.Release|x86.ActiveCfg = Release|Win32
		{2F5E28C4-A0E0-4D79-9F5D-76867235189A}.Release|x86.Build.0 = Release|Win32
		{2F5E28C4-A0E0-4D79-9F5D-76867235189A}.Template|Win32.ActiveCfg = Debug|Win32
		{2F5E28C4-A0E0-4D79-9F5D-76867235189A}.Template|Win32.Build.0 = Debug|Win32
		{2F5E28C4-A0E0-4D79-9F5D-76867235189A}.Template|x64.ActiveCfg = Debug|Win32
		{2F5E28C4-A0E0-4D79-9F5D-76867235189A}.Template|x64.Build.0 = Debug|Win32
		{2F5E28C4-A0E0-4D79-9F5D-76867235189A}.Template|x86.ActiveCfg = Debug|Win32
		{2F5E28C4-A0E0-4D79-9F5D-76867235189A}.Template|x86.Build.0 = Debug|Win32
		{2F5E28C4-A0E0-4D79-9F5D-76867235189A}.Unicode Debug|Win32.ActiveCfg = Debug|Win32
		{2F5E28C4-A0E0-4D79-9F5D-76867235189A}.Unicode Debug|Win32.Build.0 = Debug|Win32
		{2F5E28C4-A0E0-4D79-9F5D-76867235189A}.Unicode Debug|x64.ActiveCfg = Debug|Win32
		{2F5E28C4-A0E0-4D79-9F5D-76867235189A}.Unicode Debug|x64.Build.0 = Debug|Win32
		{2F5E28C4-A0E0-4D79-9F5D-76867235189A}.Unicode Debug|x86.ActiveCfg = Debug|Win32
		{2F5E28C4-A0E0-4D79-9F5D-76867235189A}.Unicode Debug|x86.Build.0 = Debug|Win32
		{2F5E28C4-A0E0-4D79-9F5D-76867235189A}.Unicode Release|Win32.ActiveCfg = Release|Win32
		{2F5E28C4-A0E0-4D79-9F5D-76867235189A}.Unicode Release|Win32.Build.0 = Release|Win32
		{2F5E28C4-A0E0-4D79-9F5D-76867235189A}.Unicode Release|x64.ActiveCfg = Debug|Win32
		{2F5E28C4-A0E0-4D79-9F5D-76867235189A}.Unicode Release|x64.Build.0 = Debug|Win32
		{2F5E28C4-A0E0-4D79-9F5D-76867235189A}.Unicode Release|x86.ActiveCfg = Release|Win32
		{2F5E28C4-A0E0-4D79-9F5D-76867235189A}.Unicode Release|x86.Build.0 = Release|Win32
	EndGlobalSection
	GlobalSection(SolutionProperties) = preSolution
		HideSolutionNode = FALSE
	EndGlobalSection
	GlobalSection(ExtensibilityGlobals) = postSolution
		SolutionGuid = {39DCC394-B9AB-4B46-8B82-31CD100CDF93}
	EndGlobalSection
EndGlobal
